
Microsoft Visual Studio Solution File, Format Version 12.00
# Visual Studio Version 16
VisualStudioVersion = 16.0.31205.134
MinimumVisualStudioVersion = 10.0.40219.1
Project("{FAE04EC0-301F-11D3-BF4B-00C04F79EFBC}") = "PRG522_SA_7566", "PRG522_SA_7566\PRG522_SA_7566.csproj", "{A5C47A2E-5678-4C5B-B348-6C822153DDE8}"
EndProject
Global
	GlobalSection(SolutionConfigurationPlatforms) = preSolution
		Debug|Any CPU = Debug|Any CPU
		Release|Any CPU = Release|Any CPU
	EndGlobalSection
	GlobalSection(ProjectConfigurationPlatforms) = postSolution
		{A5C47A2E-5678-4C5B-B348-6C822153DDE8}.Debug|Any CPU.ActiveCfg = Debug|Any CPU
		{A5C47A2E-5678-4C5B-B348-6C822153DDE8}.Debug|Any CPU.Build.0 = Debug|Any CPU
		{A5C47A2E-5678-4C5B-B348-6C822153DDE8}.Release|Any CPU.ActiveCfg = Release|Any CPU
		{A5C47A2E-5678-4C5B-B348-6C822153DDE8}.Release|Any CPU.Build.0 = Release|Any CPU
	EndGlobalSection
	GlobalSection(SolutionProperties) = preSolution
		HideSolutionNode = FALSE
	EndGlobalSection
	GlobalSection(ExtensibilityGlobals) = postSolution
		SolutionGuid = {7146CD85-AAB9-41BA-8F77-44430B312939}
	EndGlobalSection
EndGlobal
